// !$*UTF8*$!
{
	archiveVersion = 1;
	classes = {
	};
	objectVersion = 56;
	objects = {

/* Begin PBXBuildFile section */
		8F9841A22A9B60540078CCE5 /* AppDelegate.swift in Sources */ = {isa = PBXBuildFile; fileRef = 8F9841A12A9B60540078CCE5 /* AppDelegate.swift */; };
		8F9841A42A9B60540078CCE5 /* SceneDelegate.swift in Sources */ = {isa = PBXBuildFile; fileRef = 8F9841A32A9B60540078CCE5 /* SceneDelegate.swift */; };
		8F9841A62A9B60540078CCE5 /* ViewController.swift in Sources */ = {isa = PBXBuildFile; fileRef = 8F9841A52A9B60540078CCE5 /* ViewController.swift */; };
		8F9841A92A9B60540078CCE5 /* Main.storyboard in Resources */ = {isa = PBXBuildFile; fileRef = 8F9841A72A9B60540078CCE5 /* Main.storyboard */; };
		8F9841AC2A9B60540078CCE5 /* PersonalDetails.xcdatamodeld in Sources */ = {isa = PBXBuildFile; fileRef = 8F9841AA2A9B60540078CCE5 /* PersonalDetails.xcdatamodeld */; };
		8F9841AE2A9B60560078CCE5 /* Assets.xcassets in Resources */ = {isa = PBXBuildFile; fileRef = 8F9841AD2A9B60560078CCE5 /* Assets.xcassets */; };
		8F9841B12A9B60560078CCE5 /* LaunchScreen.storyboard in Resources */ = {isa = PBXBuildFile; fileRef = 8F9841AF2A9B60560078CCE5 /* LaunchScreen.storyboard */; };
		8F9841BC2A9B60560078CCE5 /* PersonalDetailsTests.swift in Sources */ = {isa = PBXBuildFile; fileRef = 8F9841BB2A9B60560078CCE5 /* PersonalDetailsTests.swift */; };
		8F9841C62A9B60560078CCE5 /* PersonalDetailsUITests.swift in Sources */ = {isa = PBXBuildFile; fileRef = 8F9841C52A9B60560078CCE5 /* PersonalDetailsUITests.swift */; };
		8F9841C82A9B60560078CCE5 /* PersonalDetailsUITestsLaunchTests.swift in Sources */ = {isa = PBXBuildFile; fileRef = 8F9841C72A9B60560078CCE5 /* PersonalDetailsUITestsLaunchTests.swift */; };
		8F9841D52A9B68750078CCE5 /* AddVC.swift in Sources */ = {isa = PBXBuildFile; fileRef = 8F9841D42A9B68750078CCE5 /* AddVC.swift */; };
		8F9841D72A9B90060078CCE5 /* CustomTableViewCell.swift in Sources */ = {isa = PBXBuildFile; fileRef = 8F9841D62A9B90060078CCE5 /* CustomTableViewCell.swift */; };
/* End PBXBuildFile section */

/* Begin PBXContainerItemProxy section */
		8F9841B82A9B60560078CCE5 /* PBXContainerItemProxy */ = {
			isa = PBXContainerItemProxy;
			containerPortal = 8F9841962A9B60540078CCE5 /* Project object */;
			proxyType = 1;
			remoteGlobalIDString = 8F98419D2A9B60540078CCE5;
			remoteInfo = PersonalDetails;
		};
		8F9841C22A9B60560078CCE5 /* PBXContainerItemProxy */ = {
			isa = PBXContainerItemProxy;
			containerPortal = 8F9841962A9B60540078CCE5 /* Project object */;
			proxyType = 1;
			remoteGlobalIDString = 8F98419D2A9B60540078CCE5;
			remoteInfo = PersonalDetails;
		};
/* End PBXContainerItemProxy section */

/* Begin PBXFileReference section */
		8F98419E2A9B60540078CCE5 /* PersonalDetails.app */ = {isa = PBXFileReference; explicitFileType = wrapper.application; includeInIndex = 0; path = PersonalDetails.app; sourceTree = BUILT_PRODUCTS_DIR; };
		8F9841A12A9B60540078CCE5 /* AppDelegate.swift */ = {isa = PBXFileReference; lastKnownFileType = sourcecode.swift; path = AppDelegate.swift; sourceTree = "<group>"; };
		8F9841A32A9B60540078CCE5 /* SceneDelegate.swift */ = {isa = PBXFileReference; lastKnownFileType = sourcecode.swift; path = SceneDelegate.swift; sourceTree = "<group>"; };
		8F9841A52A9B60540078CCE5 /* ViewController.swift */ = {isa = PBXFileReference; lastKnownFileType = sourcecode.swift; path = ViewController.swift; sourceTree = "<group>"; };
		8F9841A82A9B60540078CCE5 /* Base */ = {isa = PBXFileReference; lastKnownFileType = file.storyboard; name = Base; path = Base.lproj/Main.storyboard; sourceTree = "<group>"; };
		8F9841AB2A9B60540078CCE5 /* PersonalDetails.xcdatamodel */ = {isa = PBXFileReference; lastKnownFileType = wrapper.xcdatamodel; path = PersonalDetails.xcdatamodel; sourceTree = "<group>"; };
		8F9841AD2A9B60560078CCE5 /* Assets.xcassets */ = {isa = PBXFileReference; lastKnownFileType = folder.assetcatalog; path = Assets.xcassets; sourceTree = "<group>"; };
		8F9841B02A9B60560078CCE5 /* Base */ = {isa = PBXFileReference; lastKnownFileType = file.storyboard; name = Base; path = Base.lproj/LaunchScreen.storyboard; sourceTree = "<group>"; };
		8F9841B22A9B60560078CCE5 /* Info.plist */ = {isa = PBXFileReference; lastKnownFileType = text.plist.xml; path = Info.plist; sourceTree = "<group>"; };
		8F9841B72A9B60560078CCE5 /* PersonalDetailsTests.xctest */ = {isa = PBXFileReference; explicitFileType = wrapper.cfbundle; includeInIndex = 0; path = PersonalDetailsTests.xctest; sourceTree = BUILT_PRODUCTS_DIR; };
		8F9841BB2A9B60560078CCE5 /* PersonalDetailsTests.swift */ = {isa = PBXFileReference; lastKnownFileType = sourcecode.swift; path = PersonalDetailsTests.swift; sourceTree = "<group>"; };
		8F9841C12A9B60560078CCE5 /* PersonalDetailsUITests.xctest */ = {isa = PBXFileReference; explicitFileType = wrapper.cfbundle; includeInIndex = 0; path = PersonalDetailsUITests.xctest; sourceTree = BUILT_PRODUCTS_DIR; };
		8F9841C52A9B60560078CCE5 /* PersonalDetailsUITests.swift */ = {isa = PBXFileReference; lastKnownFileType = sourcecode.swift; path = PersonalDetailsUITests.swift; sourceTree = "<group>"; };
		8F9841C72A9B60560078CCE5 /* PersonalDetailsUITestsLaunchTests.swift */ = {isa = PBXFileReference; lastKnownFileType = sourcecode.swift; path = PersonalDetailsUITestsLaunchTests.swift; sourceTree = "<group>"; };
		8F9841D42A9B68750078CCE5 /* AddVC.swift */ = {isa = PBXFileReference; lastKnownFileType = sourcecode.swift; path = AddVC.swift; sourceTree = "<group>"; };
		8F9841D62A9B90060078CCE5 /* CustomTableViewCell.swift */ = {isa = PBXFileReference; lastKnownFileType = sourcecode.swift; path = CustomTableViewCell.swift; sourceTree = "<group>"; };
/* End PBXFileReference section */

/* Begin PBXFrameworksBuildPhase section */
		8F98419B2A9B60540078CCE5 /* Frameworks */ = {
			isa = PBXFrameworksBuildPhase;
			buildActionMask = 2147483647;
			files = (
			);
			runOnlyForDeploymentPostprocessing = 0;
		};
		8F9841B42A9B60560078CCE5 /* Frameworks */ = {
			isa = PBXFrameworksBuildPhase;
			buildActionMask = 2147483647;
			files = (
			);
			runOnlyForDeploymentPostprocessing = 0;
		};
		8F9841BE2A9B60560078CCE5 /* Frameworks */ = {
			isa = PBXFrameworksBuildPhase;
			buildActionMask = 2147483647;
			files = (
			);
			runOnlyForDeploymentPostprocessing = 0;
		};
/* End PBXFrameworksBuildPhase section */

/* Begin PBXGroup section */
		8F9841952A9B60540078CCE5 = {
			isa = PBXGroup;
			children = (
				8F9841A02A9B60540078CCE5 /* PersonalDetails */,
				8F9841BA2A9B60560078CCE5 /* PersonalDetailsTests */,
				8F9841C42A9B60560078CCE5 /* PersonalDetailsUITests */,
				8F98419F2A9B60540078CCE5 /* Products */,
			);
			sourceTree = "<group>";
		};
		8F98419F2A9B60540078CCE5 /* Products */ = {
			isa = PBXGroup;
			children = (
				8F98419E2A9B60540078CCE5 /* PersonalDetails.app */,
				8F9841B72A9B60560078CCE5 /* PersonalDetailsTests.xctest */,
				8F9841C12A9B60560078CCE5 /* PersonalDetailsUITests.xctest */,
			);
			name = Products;
			sourceTree = "<group>";
		};
		8F9841A02A9B60540078CCE5 /* PersonalDetails */ = {
			isa = PBXGroup;
			children = (
				8F9841A12A9B60540078CCE5 /* AppDelegate.swift */,
				8F9841A32A9B60540078CCE5 /* SceneDelegate.swift */,
				8F9841A52A9B60540078CCE5 /* ViewController.swift */,
				8F9841A72A9B60540078CCE5 /* Main.storyboard */,
				8F9841AD2A9B60560078CCE5 /* Assets.xcassets */,
				8F9841AF2A9B60560078CCE5 /* LaunchScreen.storyboard */,
				8F9841B22A9B60560078CCE5 /* Info.plist */,
				8F9841AA2A9B60540078CCE5 /* PersonalDetails.xcdatamodeld */,
				8F9841D42A9B68750078CCE5 /* AddVC.swift */,
				8F9841D62A9B90060078CCE5 /* CustomTableViewCell.swift */,
			);
			path = PersonalDetails;
			sourceTree = "<group>";
		};
		8F9841BA2A9B60560078CCE5 /* PersonalDetailsTests */ = {
			isa = PBXGroup;
			children = (
				8F9841BB2A9B60560078CCE5 /* PersonalDetailsTests.swift */,
			);
			path = PersonalDetailsTests;
			sourceTree = "<group>";
		};
		8F9841C42A9B60560078CCE5 /* PersonalDetailsUITests */ = {
			isa = PBXGroup;
			children = (
				8F9841C52A9B60560078CCE5 /* PersonalDetailsUITests.swift */,
				8F9841C72A9B60560078CCE5 /* PersonalDetailsUITestsLaunchTests.swift */,
			);
			path = PersonalDetailsUITests;
			sourceTree = "<group>";
		};
/* End PBXGroup section */

/* Begin PBXNativeTarget section */
		8F98419D2A9B60540078CCE5 /* PersonalDetails */ = {
			isa = PBXNativeTarget;
			buildConfigurationList = 8F9841CB2A9B60560078CCE5 /* Build configuration list for PBXNativeTarget "PersonalDetails" */;
			buildPhases = (
				8F98419A2A9B60540078CCE5 /* Sources */,
				8F98419B2A9B60540078CCE5 /* Frameworks */,
				8F98419C2A9B60540078CCE5 /* Resources */,
			);
			buildRules = (
			);
			dependencies = (
			);
			name = PersonalDetails;
			productName = PersonalDetails;
			productReference = 8F98419E2A9B60540078CCE5 /* PersonalDetails.app */;
			productType = "com.apple.product-type.application";
		};
		8F9841B62A9B60560078CCE5 /* PersonalDetailsTests */ = {
			isa = PBXNativeTarget;
			buildConfigurationList = 8F9841CE2A9B60560078CCE5 /* Build configuration list for PBXNativeTarget "PersonalDetailsTests" */;
			buildPhases = (
				8F9841B32A9B60560078CCE5 /* Sources */,
				8F9841B42A9B60560078CCE5 /* Frameworks */,
				8F9841B52A9B60560078CCE5 /* Resources */,
			);
			buildRules = (
			);
			dependencies = (
				8F9841B92A9B60560078CCE5 /* PBXTargetDependency */,
			);
			name = PersonalDetailsTests;
			productName = PersonalDetailsTests;
			productReference = 8F9841B72A9B60560078CCE5 /* PersonalDetailsTests.xctest */;
			productType = "com.apple.product-type.bundle.unit-test";
		};
		8F9841C02A9B60560078CCE5 /* PersonalDetailsUITests */ = {
			isa = PBXNativeTarget;
			buildConfigurationList = 8F9841D12A9B60560078CCE5 /* Build configuration list for PBXNativeTarget "PersonalDetailsUITests" */;
			buildPhases = (
				8F9841BD2A9B60560078CCE5 /* Sources */,
				8F9841BE2A9B60560078CCE5 /* Frameworks */,
				8F9841BF2A9B60560078CCE5 /* Resources */,
			);
			buildRules = (
			);
			dependencies = (
				8F9841C32A9B60560078CCE5 /* PBXTargetDependency */,
			);
			name = PersonalDetailsUITests;
			productName = PersonalDetailsUITests;
			productReference = 8F9841C12A9B60560078CCE5 /* PersonalDetailsUITests.xctest */;
			productType = "com.apple.product-type.bundle.ui-testing";
		};
/* End PBXNativeTarget section */

/* Begin PBXProject section */
		8F9841962A9B60540078CCE5 /* Project object */ = {
			isa = PBXProject;
			attributes = {
				BuildIndependentTargetsInParallel = 1;
				LastSwiftUpdateCheck = 1430;
				LastUpgradeCheck = 1430;
				TargetAttributes = {
					8F98419D2A9B60540078CCE5 = {
						CreatedOnToolsVersion = 14.3.1;
					};
					8F9841B62A9B60560078CCE5 = {
						CreatedOnToolsVersion = 14.3.1;
						TestTargetID = 8F98419D2A9B60540078CCE5;
					};
					8F9841C02A9B60560078CCE5 = {
						CreatedOnToolsVersion = 14.3.1;
						TestTargetID = 8F98419D2A9B60540078CCE5;
					};
				};
			};
			buildConfigurationList = 8F9841992A9B60540078CCE5 /* Build configuration list for PBXProject "PersonalDetails" */;
			compatibilityVersion = "Xcode 14.0";
			developmentRegion = en;
			hasScannedForEncodings = 0;
			knownRegions = (
				en,
				Base,
			);
			mainGroup = 8F9841952A9B60540078CCE5;
			productRefGroup = 8F98419F2A9B60540078CCE5 /* Products */;
			projectDirPath = "";
			projectRoot = "";
			targets = (
				8F98419D2A9B60540078CCE5 /* PersonalDetails */,
				8F9841B62A9B60560078CCE5 /* PersonalDetailsTests */,
				8F9841C02A9B60560078CCE5 /* PersonalDetailsUITests */,
			);
		};
/* End PBXProject section */

/* Begin PBXResourcesBuildPhase section */
		8F98419C2A9B60540078CCE5 /* Resources */ = {
			isa = PBXResourcesBuildPhase;
			buildActionMask = 2147483647;
			files = (
				8F9841B12A9B60560078CCE5 /* LaunchScreen.storyboard in Resources */,
				8F9841AE2A9B60560078CCE5 /* Assets.xcassets in Resources */,
				8F9841A92A9B60540078CCE5 /* Main.storyboard in Resources */,
			);
			runOnlyForDeploymentPostprocessing = 0;
		};
		8F9841B52A9B60560078CCE5 /* Resources */ = {
			isa = PBXResourcesBuildPhase;
			buildActionMask = 2147483647;
			files = (
			);
			runOnlyForDeploymentPostprocessing = 0;
		};
		8F9841BF2A9B60560078CCE5 /* Resources */ = {
			isa = PBXResourcesBuildPhase;
			buildActionMask = 2147483647;
			files = (
			);
			runOnlyForDeploymentPostprocessing = 0;
		};
/* End PBXResourcesBuildPhase section */

/* Begin PBXSourcesBuildPhase section */
		8F98419A2A9B60540078CCE5 /* Sources */ = {
			isa = PBXSourcesBuildPhase;
			buildActionMask = 2147483647;
			files = (
				8F9841D72A9B90060078CCE5 /* CustomTableViewCell.swift in Sources */,
				8F9841A62A9B60540078CCE5 /* ViewController.swift in Sources */,
				8F9841A22A9B60540078CCE5 /* AppDelegate.swift in Sources */,
				8F9841AC2A9B60540078CCE5 /* PersonalDetails.xcdatamodeld in Sources */,
				8F9841A42A9B60540078CCE5 /* SceneDelegate.swift in Sources */,
				8F9841D52A9B68750078CCE5 /* AddVC.swift in Sources */,
			);
			runOnlyForDeploymentPostprocessing = 0;
		};
		8F9841B32A9B60560078CCE5 /* Sources */ = {
			isa = PBXSourcesBuildPhase;
			buildActionMask = 2147483647;
			files = (
				8F9841BC2A9B60560078CCE5 /* PersonalDetailsTests.swift in Sources */,
			);
			runOnlyForDeploymentPostprocessing = 0;
		};
		8F9841BD2A9B60560078CCE5 /* Sources */ = {
			isa = PBXSourcesBuildPhase;
			buildActionMask = 2147483647;
			files = (
				8F9841C62A9B60560078CCE5 /* PersonalDetailsUITests.swift in Sources */,
				8F9841C82A9B60560078CCE5 /* PersonalDetailsUITestsLaunchTests.swift in Sources */,
			);
			runOnlyForDeploymentPostprocessing = 0;
		};
/* End PBXSourcesBuildPhase section */

/* Begin PBXTargetDependency section */
		8F9841B92A9B60560078CCE5 /* PBXTargetDependency */ = {
			isa = PBXTargetDependency;
			target = 8F98419D2A9B60540078CCE5 /* PersonalDetails */;
			targetProxy = 8F9841B82A9B60560078CCE5 /* PBXContainerItemProxy */;
		};
		8F9841C32A9B60560078CCE5 /* PBXTargetDependency */ = {
			isa = PBXTargetDependency;
			target = 8F98419D2A9B60540078CCE5 /* PersonalDetails */;
			targetProxy = 8F9841C22A9B60560078CCE5 /* PBXContainerItemProxy */;
		};
/* End PBXTargetDependency section */

/* Begin PBXVariantGroup section */
		8F9841A72A9B60540078CCE5 /* Main.storyboard */ = {
			isa = PBXVariantGroup;
			children = (
				8F9841A82A9B60540078CCE5 /* Base */,
			);
			name = Main.storyboard;
			sourceTree = "<group>";
		};
		8F9841AF2A9B60560078CCE5 /* LaunchScreen.storyboard */ = {
			isa = PBXVariantGroup;
			children = (
				8F9841B02A9B60560078CCE5 /* Base */,
			);
			name = LaunchScreen.storyboard;
			sourceTree = "<group>";
		};
/* End PBXVariantGroup section */

/* Begin XCBuildConfiguration section */
		8F9841C92A9B60560078CCE5 /* Debug */ = {
			isa = XCBuildConfiguration;
			buildSettings = {
				ALWAYS_SEARCH_USER_PATHS = NO;
				CLANG_ANALYZER_NONNULL = YES;
				CLANG_ANALYZER_NUMBER_OBJECT_CONVERSION = YES_AGGRESSIVE;
				CLANG_CXX_LANGUAGE_STANDARD = "gnu++20";
				CLANG_ENABLE_MODULES = YES;
				CLANG_ENABLE_OBJC_ARC = YES;
				CLANG_ENABLE_OBJC_WEAK = YES;
				CLANG_WARN_BLOCK_CAPTURE_AUTORELEASING = YES;
				CLANG_WARN_BOOL_CONVERSION = YES;
				CLANG_WARN_COMMA = YES;
				CLANG_WARN_CONSTANT_CONVERSION = YES;
				CLANG_WARN_DEPRECATED_OBJC_IMPLEMENTATIONS = YES;
				CLANG_WARN_DIRECT_OBJC_ISA_USAGE = YES_ERROR;
				CLANG_WARN_DOCUMENTATION_COMMENTS = YES;
				CLANG_WARN_EMPTY_BODY = YES;
				CLANG_WARN_ENUM_CONVERSION = YES;
				CLANG_WARN_INFINITE_RECURSION = YES;
				CLANG_WARN_INT_CONVERSION = YES;
				CLANG_WARN_NON_LITERAL_NULL_CONVERSION = YES;
				CLANG_WARN_OBJC_IMPLICIT_RETAIN_SELF = YES;
				CLANG_WARN_OBJC_LITERAL_CONVERSION = YES;
				CLANG_WARN_OBJC_ROOT_CLASS = YES_ERROR;
				CLANG_WARN_QUOTED_INCLUDE_IN_FRAMEWORK_HEADER = YES;
				CLANG_WARN_RANGE_LOOP_ANALYSIS = YES;
				CLANG_WARN_STRICT_PROTOTYPES = YES;
				CLANG_WARN_SUSPICIOUS_MOVE = YES;
				CLANG_WARN_UNGUARDED_AVAILABILITY = YES_AGGRESSIVE;
				CLANG_WARN_UNREACHABLE_CODE = YES;
				CLANG_WARN__DUPLICATE_METHOD_MATCH = YES;
				COPY_PHASE_STRIP = NO;
				DEBUG_INFORMATION_FORMAT = dwarf;
				ENABLE_STRICT_OBJC_MSGSEND = YES;
				ENABLE_TESTABILITY = YES;
				GCC_C_LANGUAGE_STANDARD = gnu11;
				GCC_DYNAMIC_NO_PIC = NO;
				GCC_NO_COMMON_BLOCKS = YES;
				GCC_OPTIMIZATION_LEVEL = 0;
				GCC_PREPROCESSOR_DEFINITIONS = (
					"DEBUG=1",
					"$(inherited)",
				);
				GCC_WARN_64_TO_32_BIT_CONVERSION = YES;
				GCC_WARN_ABOUT_RETURN_TYPE = YES_ERROR;
				GCC_WARN_UNDECLARED_SELECTOR = YES;
				GCC_WARN_UNINITIALIZED_AUTOS = YES_AGGRESSIVE;
				GCC_WARN_UNUSED_FUNCTION = YES;
				GCC_WARN_UNUSED_VARIABLE = YES;
				IPHONEOS_DEPLOYMENT_TARGET = 16.4;
				MTL_ENABLE_DEBUG_INFO = INCLUDE_SOURCE;
				MTL_FAST_MATH = YES;
				ONLY_ACTIVE_ARCH = YES;
				SDKROOT = iphoneos;
				SWIFT_ACTIVE_COMPILATION_CONDITIONS = DEBUG;
				SWIFT_OPTIMIZATION_LEVEL = "-Onone";
			};
			name = Debug;
		};
		8F9841CA2A9B60560078CCE5 /* Release */ = {
			isa = XCBuildConfiguration;
			buildSettings = {
				ALWAYS_SEARCH_USER_PATHS = NO;
				CLANG_ANALYZER_NONNULL = YES;
				CLANG_ANALYZER_NUMBER_OBJECT_CONVERSION = YES_AGGRESSIVE;
				CLANG_CXX_LANGUAGE_STANDARD = "gnu++20";
				CLANG_ENABLE_MODULES = YES;
				CLANG_ENABLE_OBJC_ARC = YES;
				CLANG_ENABLE_OBJC_WEAK = YES;
				CLANG_WARN_BLOCK_CAPTURE_AUTORELEASING = YES;
				CLANG_WARN_BOOL_CONVERSION = YES;
				CLANG_WARN_COMMA = YES;
				CLANG_WARN_CONSTANT_CONVERSION = YES;
				CLANG_WARN_DEPRECATED_OBJC_IMPLEMENTATIONS = YES;
				CLANG_WARN_DIRECT_OBJC_ISA_USAGE = YES_ERROR;
				CLANG_WARN_DOCUMENTATION_COMMENTS = YES;
				CLANG_WARN_EMPTY_BODY = YES;
				CLANG_WARN_ENUM_CONVERSION = YES;
				CLANG_WARN_INFINITE_RECURSION = YES;
				CLANG_WARN_INT_CONVERSION = YES;
				CLANG_WARN_NON_LITERAL_NULL_CONVERSION = YES;
				CLANG_WARN_OBJC_IMPLICIT_RETAIN_SELF = YES;
				CLANG_WARN_OBJC_LITERAL_CONVERSION = YES;
				CLANG_WARN_OBJC_ROOT_CLASS = YES_ERROR;
				CLANG_WARN_QUOTED_INCLUDE_IN_FRAMEWORK_HEADER = YES;
				CLANG_WARN_RANGE_LOOP_ANALYSIS = YES;
				CLANG_WARN_STRICT_PROTOTYPES = YES;
				CLANG_WARN_SUSPICIOUS_MOVE = YES;
				CLANG_WARN_UNGUARDED_AVAILABILITY = YES_AGGRESSIVE;
				CLANG_WARN_UNREACHABLE_CODE = YES;
				CLANG_WARN__DUPLICATE_METHOD_MATCH = YES;
				COPY_PHASE_STRIP = NO;
				DEBUG_INFORMATION_FORMAT = "dwarf-with-dsym";
				ENABLE_NS_ASSERTIONS = NO;
				ENABLE_STRICT_OBJC_MSGSEND = YES;
				GCC_C_LANGUAGE_STANDARD = gnu11;
				GCC_NO_COMMON_BLOCKS = YES;
				GCC_WARN_64_TO_32_BIT_CONVERSION = YES;
				GCC_WARN_ABOUT_RETURN_TYPE = YES_ERROR;
				GCC_WARN_UNDECLARED_SELECTOR = YES;
				GCC_WARN_UNINITIALIZED_AUTOS = YES_AGGRESSIVE;
				GCC_WARN_UNUSED_FUNCTION = YES;
				GCC_WARN_UNUSED_VARIABLE = YES;
				IPHONEOS_DEPLOYMENT_TARGET = 16.4;
				MTL_ENABLE_DEBUG_INFO = NO;
				MTL_FAST_MATH = YES;
				SDKROOT = iphoneos;
				SWIFT_COMPILATION_MODE = wholemodule;
				SWIFT_OPTIMIZATION_LEVEL = "-O";
				VALIDATE_PRODUCT = YES;
			};
			name = Release;
		};
		8F9841CC2A9B60560078CCE5 /* Debug */ = {
			isa = XCBuildConfiguration;
			buildSettings = {
				ASSETCATALOG_COMPILER_APPICON_NAME = AppIcon;
				ASSETCATALOG_COMPILER_GLOBAL_ACCENT_COLOR_NAME = AccentColor;
				CODE_SIGN_STYLE = Automatic;
				CURRENT_PROJECT_VERSION = 1;
				DEVELOPMENT_TEAM = 5U46FZG5K9;
				GENERATE_INFOPLIST_FILE = YES;
				INFOPLIST_FILE = PersonalDetails/Info.plist;
				INFOPLIST_KEY_UIApplicationSupportsIndirectInputEvents = YES;
				INFOPLIST_KEY_UILaunchStoryboardName = LaunchScreen;
				INFOPLIST_KEY_UIMainStoryboardFile = Main;
				INFOPLIST_KEY_UISupportedInterfaceOrientations_iPad = "UIInterfaceOrientationPortrait UIInterfaceOrientationPortraitUpsideDown UIInterfaceOrientationLandscapeLeft UIInterfaceOrientationLandscapeRight";
				INFOPLIST_KEY_UISupportedInterfaceOrientations_iPhone = "UIInterfaceOrientationPortrait UIInterfaceOrientationLandscapeLeft UIInterfaceOrientationLandscapeRight";
				LD_RUNPATH_SEARCH_PATHS = (
					"$(inherited)",
					"@executable_path/Frameworks",
				);
				MARKETING_VERSION = 1.0;
				PRODUCT_BUNDLE_IDENTIFIER = com.gamzeakyuz.PersonalDetails;
				PRODUCT_NAME = "$(TARGET_NAME)";
				SWIFT_EMIT_LOC_STRINGS = YES;
				SWIFT_VERSION = 5.0;
				TARGETED_DEVICE_FAMILY = "1,2";
			};
			name = Debug;
		};
		8F9841CD2A9B60560078CCE5 /* Release */ = {
			isa = XCBuildConfiguration;
			buildSettings = {
				ASSETCATALOG_COMPILER_APPICON_NAME = AppIcon;
				ASSETCATALOG_COMPILER_GLOBAL_ACCENT_COLOR_NAME = AccentColor;
				CODE_SIGN_STYLE = Automatic;
				CURRENT_PROJECT_VERSION = 1;
				DEVELOPMENT_TEAM = 5U46FZG5K9;
				GENERATE_INFOPLIST_FILE = YES;
				INFOPLIST_FILE = PersonalDetails/Info.plist;
				INFOPLIST_KEY_UIApplicationSupportsIndirectInputEvents = YES;
				INFOPLIST_KEY_UILaunchStoryboardName = LaunchScreen;
				INFOPLIST_KEY_UIMainStoryboardFile = Main;
				INFOPLIST_KEY_UISupportedInterfaceOrientations_iPad = "UIInterfaceOrientationPortrait UIInterfaceOrientationPortraitUpsideDown UIInterfaceOrientationLandscapeLeft UIInterfaceOrientationLandscapeRight";
				INFOPLIST_KEY_UISupportedInterfaceOrientations_iPhone = "UIInterfaceOrientationPortrait UIInterfaceOrientationLandscapeLeft UIInterfaceOrientationLandscapeRight";
				LD_RUNPATH_SEARCH_PATHS = (
					"$(inherited)",
					"@executable_path/Frameworks",
				);
				MARKETING_VERSION = 1.0;
				PRODUCT_BUNDLE_IDENTIFIER = com.gamzeakyuz.PersonalDetails;
				PRODUCT_NAME = "$(TARGET_NAME)";
				SWIFT_EMIT_LOC_STRINGS = YES;
				SWIFT_VERSION = 5.0;
				TARGETED_DEVICE_FAMILY = "1,2";
			};
			name = Release;
		};
		8F9841CF2A9B60560078CCE5 /* Debug */ = {
			isa = XCBuildConfiguration;
			buildSettings = {
				ALWAYS_EMBED_SWIFT_STANDARD_LIBRARIES = YES;
				BUNDLE_LOADER = "$(TEST_HOST)";
				CODE_SIGN_STYLE = Automatic;
				CURRENT_PROJECT_VERSION = 1;
				DEVELOPMENT_TEAM = 5U46FZG5K9;
				GENERATE_INFOPLIST_FILE = YES;
				IPHONEOS_DEPLOYMENT_TARGET = 16.4;
				MARKETING_VERSION = 1.0;
				PRODUCT_BUNDLE_IDENTIFIER = com.gamzeakyuz.PersonalDetailsTests;
				PRODUCT_NAME = "$(TARGET_NAME)";
				SWIFT_EMIT_LOC_STRINGS = NO;
				SWIFT_VERSION = 5.0;
				TARGETED_DEVICE_FAMILY = "1,2";
				TEST_HOST = "$(BUILT_PRODUCTS_DIR)/PersonalDetails.app/$(BUNDLE_EXECUTABLE_FOLDER_PATH)/PersonalDetails";
			};
			name = Debug;
		};
		8F9841D02A9B60560078CCE5 /* Release */ = {
			isa = XCBuildConfiguration;
			buildSettings = {
				ALWAYS_EMBED_SWIFT_STANDARD_LIBRARIES = YES;
				BUNDLE_LOADER = "$(TEST_HOST)";
				CODE_SIGN_STYLE = Automatic;
				CURRENT_PROJECT_VERSION = 1;
				DEVELOPMENT_TEAM = 5U46FZG5K9;
				GENERATE_INFOPLIST_FILE = YES;
				IPHONEOS_DEPLOYMENT_TARGET = 16.4;
				MARKETING_VERSION = 1.0;
				PRODUCT_BUNDLE_IDENTIFIER = com.gamzeakyuz.PersonalDetailsTests;
				PRODUCT_NAME = "$(TARGET_NAME)";
				SWIFT_EMIT_LOC_STRINGS = NO;
				SWIFT_VERSION = 5.0;
				TARGETED_DEVICE_FAMILY = "1,2";
				TEST_HOST = "$(BUILT_PRODUCTS_DIR)/PersonalDetails.app/$(BUNDLE_EXECUTABLE_FOLDER_PATH)/PersonalDetails";
			};
			name = Release;
		};
		8F9841D22A9B60560078CCE5 /* Debug */ = {
			isa = XCBuildConfiguration;
			buildSettings = {
				ALWAYS_EMBED_SWIFT_STANDARD_LIBRARIES = YES;
				CODE_SIGN_STYLE = Automatic;
				CURRENT_PROJECT_VERSION = 1;
				DEVELOPMENT_TEAM = 5U46FZG5K9;
				GENERATE_INFOPLIST_FILE = YES;
				MARKETING_VERSION = 1.0;
				PRODUCT_BUNDLE_IDENTIFIER = com.gamzeakyuz.PersonalDetailsUITests;
				PRODUCT_NAME = "$(TARGET_NAME)";
				SWIFT_EMIT_LOC_STRINGS = NO;
				SWIFT_VERSION = 5.0;
				TARGETED_DEVICE_FAMILY = "1,2";
				TEST_TARGET_NAME = PersonalDetails;
			};
			name = Debug;
		};
		8F9841D32A9B60560078CCE5 /* Release */ = {
			isa = XCBuildConfiguration;
			buildSettings = {
				ALWAYS_EMBED_SWIFT_STANDARD_LIBRARIES = YES;
				CODE_SIGN_STYLE = Automatic;
				CURRENT_PROJECT_VERSION = 1;
				DEVELOPMENT_TEAM = 5U46FZG5K9;
				GENERATE_INFOPLIST_FILE = YES;
				MARKETING_VERSION = 1.0;
				PRODUCT_BUNDLE_IDENTIFIER = com.gamzeakyuz.PersonalDetailsUITests;
				PRODUCT_NAME = "$(TARGET_NAME)";
				SWIFT_EMIT_LOC_STRINGS = NO;
				SWIFT_VERSION = 5.0;
				TARGETED_DEVICE_FAMILY = "1,2";
				TEST_TARGET_NAME = PersonalDetails;
			};
			name = Release;
		};
/* End XCBuildConfiguration section */

/* Begin XCConfigurationList section */
		8F9841992A9B60540078CCE5 /* Build configuration list for PBXProject "PersonalDetails" */ = {
			isa = XCConfigurationList;
			buildConfigurations = (
				8F9841C92A9B60560078CCE5 /* Debug */,
				8F9841CA2A9B60560078CCE5 /* Release */,
			);
			defaultConfigurationIsVisible = 0;
			defaultConfigurationName = Release;
		};
		8F9841CB2A9B60560078CCE5 /* Build configuration list for PBXNativeTarget "PersonalDetails" */ = {
			isa = XCConfigurationList;
			buildConfigurations = (
				8F9841CC2A9B60560078CCE5 /* Debug */,
				8F9841CD2A9B60560078CCE5 /* Release */,
			);
			defaultConfigurationIsVisible = 0;
			defaultConfigurationName = Release;
		};
		8F9841CE2A9B60560078CCE5 /* Build configuration list for PBXNativeTarget "PersonalDetailsTests" */ = {
			isa = XCConfigurationList;
			buildConfigurations = (
				8F9841CF2A9B60560078CCE5 /* Debug */,
				8F9841D02A9B60560078CCE5 /* Release */,
			);
			defaultConfigurationIsVisible = 0;
			defaultConfigurationName = Release;
		};
		8F9841D12A9B60560078CCE5 /* Build configuration list for PBXNativeTarget "PersonalDetailsUITests" */ = {
			isa = XCConfigurationList;
			buildConfigurations = (
				8F9841D22A9B60560078CCE5 /* Debug */,
				8F9841D32A9B60560078CCE5 /* Release */,
			);
			defaultConfigurationIsVisible = 0;
			defaultConfigurationName = Release;
		};
/* End XCConfigurationList section */

/* Begin XCVersionGroup section */
		8F9841AA2A9B60540078CCE5 /* PersonalDetails.xcdatamodeld */ = {
			isa = XCVersionGroup;
			children = (
				8F9841AB2A9B60540078CCE5 /* PersonalDetails.xcdatamodel */,
			);
			currentVersion = 8F9841AB2A9B60540078CCE5 /* PersonalDetails.xcdatamodel */;
			path = PersonalDetails.xcdatamodeld;
			sourceTree = "<group>";
			versionGroupType = wrapper.xcdatamodel;
		};
/* End XCVersionGroup section */
	};
	rootObject = 8F9841962A9B60540078CCE5 /* Project object */;
}
